
Microsoft Visual Studio Solution File, Format Version 12.00
# Visual Studio Version 17
VisualStudioVersion = 17.11.35327.3
MinimumVisualStudioVersion = 10.0.40219.1
Project("{FAE04EC0-301F-11D3-BF4B-00C04F79EFBC}") = "MichaelGarcia_ExamenWPF", "MichaelGarcia_ExamenWPF\MichaelGarcia_ExamenWPF.csproj", "{20ECEAF8-51AC-4BA7-832A-E23E316A2C75}"
EndProject
Global
	GlobalSection(SolutionConfigurationPlatforms) = preSolution
		Debug|Any CPU = Debug|Any CPU
		Release|Any CPU = Release|Any CPU
	EndGlobalSection
	GlobalSection(ProjectConfigurationPlatforms) = postSolution
		{20ECEAF8-51AC-4BA7-832A-E23E316A2C75}.Debug|Any CPU.ActiveCfg = Debug|Any CPU
		{20ECEAF8-51AC-4BA7-832A-E23E316A2C75}.Debug|Any CPU.Build.0 = Debug|Any CPU
		{20ECEAF8-51AC-4BA7-832A-E23E316A2C75}.Release|Any CPU.ActiveCfg = Release|Any CPU
		{20ECEAF8-51AC-4BA7-832A-E23E316A2C75}.Release|Any CPU.Build.0 = Release|Any CPU
	EndGlobalSection
	GlobalSection(SolutionProperties) = preSolution
		HideSolutionNode = FALSE
	EndGlobalSection
	GlobalSection(ExtensibilityGlobals) = postSolution
		SolutionGuid = {258FBFD5-B1DA-4246-ACC5-3A64904DB4D3}
	EndGlobalSection
EndGlobal
